
Microsoft Visual Studio Solution File, Format Version 12.00
# Visual Studio Version 16
VisualStudioVersion = 16.0.29503.13
MinimumVisualStudioVersion = 10.0.40219.1
Project("{8BC9CEB8-8B4A-11D0-8D11-00A0C91BC942}") = "ZoomImage", "MMOZ_ZoomImage\MMOZ_ZoomImage.vcxproj", "{A9B24063-5942-47BC-8DF3-CDCADBB36604}"
EndProject
Project("{8BC9CEB8-8B4A-11D0-8D11-00A0C91BC942}") = "HistogramEqualization", "HistogramEqualization\HistogramEqualization.vcxproj", "{A591F520-B617-42EF-9AE5-4E8695B22FEF}"
EndProject
Project("{8BC9CEB8-8B4A-11D0-8D11-00A0C91BC942}") = "GaussianBlur", "GaussianBlur\GaussianBlur.vcxproj", "{5AFA2483-9904-40DD-B036-BC7BE698EEC2}"
EndProject
Project("{8BC9CEB8-8B4A-11D0-8D11-00A0C91BC942}") = "SobelOperator", "SobelOperator\SobelOperator.vcxproj", "{FD4E65D9-ED39-44B0-A2AE-A7C966943851}"
EndProject
Project("{8BC9CEB8-8B4A-11D0-8D11-00A0C91BC942}") = "CannyEdge", "CannyEdge\CannyEdge.vcxproj", "{30F4AE10-4DD2-468C-B734-AD5DB0A7AEC3}"
EndProject
Global
	GlobalSection(SolutionConfigurationPlatforms) = preSolution
		Debug|x64 = Debug|x64
		Debug|x86 = Debug|x86
		Release|x64 = Release|x64
		Release|x86 = Release|x86
	EndGlobalSection
	GlobalSection(ProjectConfigurationPlatforms) = postSolution
		{A9B24063-5942-47BC-8DF3-CDCADBB36604}.Debug|x64.ActiveCfg = Debug|x64
		{A9B24063-5942-47BC-8DF3-CDCADBB36604}.Debug|x64.Build.0 = Debug|x64
		{A9B24063-5942-47BC-8DF3-CDCADBB36604}.Debug|x86.ActiveCfg = Debug|Win32
		{A9B24063-5942-47BC-8DF3-CDCADBB36604}.Debug|x86.Build.0 = Debug|Win32
		{A9B24063-5942-47BC-8DF3-CDCADBB36604}.Release|x64.ActiveCfg = Release|x64
		{A9B24063-5942-47BC-8DF3-CDCADBB36604}.Release|x64.Build.0 = Release|x64
		{A9B24063-5942-47BC-8DF3-CDCADBB36604}.Release|x86.ActiveCfg = Release|Win32
		{A9B24063-5942-47BC-8DF3-CDCADBB36604}.Release|x86.Build.0 = Release|Win32
		{A591F520-B617-42EF-9AE5-4E8695B22FEF}.Debug|x64.ActiveCfg = Debug|x64
		{A591F520-B617-42EF-9AE5-4E8695B22FEF}.Debug|x64.Build.0 = Debug|x64
		{A591F520-B617-42EF-9AE5-4E8695B22FEF}.Debug|x86.ActiveCfg = Debug|Win32
		{A591F520-B617-42EF-9AE5-4E8695B22FEF}.Debug|x86.Build.0 = Debug|Win32
		{A591F520-B617-42EF-9AE5-4E8695B22FEF}.Release|x64.ActiveCfg = Release|x64
		{A591F520-B617-42EF-9AE5-4E8695B22FEF}.Release|x64.Build.0 = Release|x64
		{A591F520-B617-42EF-9AE5-4E8695B22FEF}.Release|x86.ActiveCfg = Release|Win32
		{A591F520-B617-42EF-9AE5-4E8695B22FEF}.Release|x86.Build.0 = Release|Win32
		{5AFA2483-9904-40DD-B036-BC7BE698EEC2}.Debug|x64.ActiveCfg = Debug|x64
		{5AFA2483-9904-40DD-B036-BC7BE698EEC2}.Debug|x64.Build.0 = Debug|x64
		{5AFA2483-9904-40DD-B036-BC7BE698EEC2}.Debug|x86.ActiveCfg = Debug|Win32
		{5AFA2483-9904-40DD-B036-BC7BE698EEC2}.Debug|x86.Build.0 = Debug|Win32
		{5AFA2483-9904-40DD-B036-BC7BE698EEC2}.Release|x64.ActiveCfg = Release|x64
		{5AFA2483-9904-40DD-B036-BC7BE698EEC2}.Release|x64.Build.0 = Release|x64
		{5AFA2483-9904-40DD-B036-BC7BE698EEC2}.Release|x86.ActiveCfg = Release|Win32
		{5AFA2483-9904-40DD-B036-BC7BE698EEC2}.Release|x86.Build.0 = Release|Win32
		{FD4E65D9-ED39-44B0-A2AE-A7C966943851}.Debug|x64.ActiveCfg = Debug|x64
		{FD4E65D9-ED39-44B0-A2AE-A7C966943851}.Debug|x64.Build.0 = Debug|x64
		{FD4E65D9-ED39-44B0-A2AE-A7C966943851}.Debug|x86.ActiveCfg = Debug|Win32
		{FD4E65D9-ED39-44B0-A2AE-A7C966943851}.Debug|x86.Build.0 = Debug|Win32
		{FD4E65D9-ED39-44B0-A2AE-A7C966943851}.Release|x64.ActiveCfg = Release|x64
		{FD4E65D9-ED39-44B0-A2AE-A7C966943851}.Release|x64.Build.0 = Release|x64
		{FD4E65D9-ED39-44B0-A2AE-A7C966943851}.Release|x86.ActiveCfg = Release|Win32
		{FD4E65D9-ED39-44B0-A2AE-A7C966943851}.Release|x86.Build.0 = Release|Win32
		{30F4AE10-4DD2-468C-B734-AD5DB0A7AEC3}.Debug|x64.ActiveCfg = Debug|x64
		{30F4AE10-4DD2-468C-B734-AD5DB0A7AEC3}.Debug|x64.Build.0 = Debug|x64
		{30F4AE10-4DD2-468C-B734-AD5DB0A7AEC3}.Debug|x86.ActiveCfg = Debug|Win32
		{30F4AE10-4DD2-468C-B734-AD5DB0A7AEC3}.Debug|x86.Build.0 = Debug|Win32
		{30F4AE10-4DD2-468C-B734-AD5DB0A7AEC3}.Release|x64.ActiveCfg = Release|x64
		{30F4AE10-4DD2-468C-B734-AD5DB0A7AEC3}.Release|x64.Build.0 = Release|x64
		{30F4AE10-4DD2-468C-B734-AD5DB0A7AEC3}.Release|x86.ActiveCfg = Release|Win32
		{30F4AE10-4DD2-468C-B734-AD5DB0A7AEC3}.Release|x86.Build.0 = Release|Win32
	EndGlobalSection
	GlobalSection(SolutionProperties) = preSolution
		HideSolutionNode = FALSE
	EndGlobalSection
	GlobalSection(ExtensibilityGlobals) = postSolution
		SolutionGuid = {F2796D39-CD11-455A-8CD4-0AC79028CD0A}
	EndGlobalSection
EndGlobal
